
Microsoft Visual Studio Solution File, Format Version 12.00
# Visual Studio Version 17
VisualStudioVersion = 17.7.34202.233
MinimumVisualStudioVersion = 10.0.40219.1
Project("{FAE04EC0-301F-11D3-BF4B-00C04F79EFBC}") = "DemoNetKubernetes", "DemoNetKubernetes\DemoNetKubernetes.csproj", "{C37815C9-7FF6-4A84-A88A-30277E22428D}"
EndProject
Global
	GlobalSection(SolutionConfigurationPlatforms) = preSolution
		Debug|Any CPU = Debug|Any CPU
		Release|Any CPU = Release|Any CPU
	EndGlobalSection
	GlobalSection(ProjectConfigurationPlatforms) = postSolution
		{C37815C9-7FF6-4A84-A88A-30277E22428D}.Debug|Any CPU.ActiveCfg = Debug|Any CPU
		{C37815C9-7FF6-4A84-A88A-30277E22428D}.Debug|Any CPU.Build.0 = Debug|Any CPU
		{C37815C9-7FF6-4A84-A88A-30277E22428D}.Release|Any CPU.ActiveCfg = Release|Any CPU
		{C37815C9-7FF6-4A84-A88A-30277E22428D}.Release|Any CPU.Build.0 = Release|Any CPU
	EndGlobalSection
	GlobalSection(SolutionProperties) = preSolution
		HideSolutionNode = FALSE
	EndGlobalSection
	GlobalSection(ExtensibilityGlobals) = postSolution
		SolutionGuid = {96FACCEE-89E2-4499-866E-393D23A37666}
	EndGlobalSection
EndGlobal
